# This file was autogenerated by Stack.
# You should not edit this file by hand.
# For more information, please see the documentation at:
#   https://docs.haskellstack.org/en/stable/lock_files

packages:
- completed:
    commit: df1ba8a7f8ab409c63aef93a52942d2dbb781086
    git: https://github.com/stla/hspray.git
    name: hspray
    pantry-tree:
      sha256: 6b935145d3e83f854fb6de9d12e0dd95e295a7dcdd2391a765d0619122722f1a
      size: 2927
    version: 0.2.5.0
  original:
    commit: df1ba8a7f8ab409c63aef93a52942d2dbb781086
    git: https://github.com/stla/hspray.git
- completed:
    hackage: hypergeomatrix-1.1.0.2@sha256:f9d811e544264de55a9ac0277eb4eea59facab881cd50272f4850f7447508f6d,1941
    pantry-tree:
      sha256: f098f12a91745421b180ef708e31594a2d29bf2376eded1fad234c9e0f9fcca5
      size: 667
  original:
    hackage: hypergeomatrix-1.1.0.2
- completed:
    hackage: ilist-0.4.0.1@sha256:126019faf3d02f305c5762ae9602be1cbf76291153a1a7461270ad1429678111,3305
    pantry-tree:
      sha256: 1e45ec9d7d543f0689da97b6de57b9a729c605660af73e15848c10b37640a888
      size: 438
  original:
    hackage: ilist-0.4.0.1@sha256:126019faf3d02f305c5762ae9602be1cbf76291153a1a7461270ad1429678111,3305
- completed:
    hackage: combinat-0.2.10.1@sha256:c039827890044eda529d9115daa5d93d0e30f68483cfde560786cd2e3483db50,5857
    pantry-tree:
      sha256: c8deb381f3554178eee607a17153f161b1efeb472c521b92b40aeb3d021e3c4b
      size: 5196
  original:
    hackage: combinat-0.2.10.1
- completed:
    hackage: compact-word-vectors-0.2.0.2@sha256:49cf00f224000f149306e7043c228fa33e3dba87f10589e8326388c3278ba594,2709
    pantry-tree:
      sha256: 5713337589ee024f627123b448f8bf6ddf33e457c72daabc84a12f4ce7d8ddb0
      size: 744
  original:
    hackage: compact-word-vectors-0.2.0.2@sha256:49cf00f224000f149306e7043c228fa33e3dba87f10589e8326388c3278ba594,2709
snapshots:
- completed:
    sha256: 6f0bea3ba5b07360f25bc886e8cff8d847767557a492a6f7f6dcb06e3cc79ee9
    size: 712905
    url: https://raw.githubusercontent.com/commercialhaskell/stackage-snapshots/master/lts/22/13.yaml
  original: lts-22.13
