# This file was autogenerated by Stack.
# You should not edit this file by hand.
# For more information, please see the documentation at:
#   https://docs.haskellstack.org/en/stable/lock_files

packages:
- completed:
    hackage: hspray-0.2.1.1@sha256:89a4df51b42373fa5db3b226ceb6e9b6cb93cfbfda9e893b1cafd5e789a4dc31,2623
    pantry-tree:
      sha256: 5912141c5cd3a74275e01344ad2a927842e467599b67c63d008a253e61385cd4
      size: 488
  original:
    hackage: hspray-0.2.1.1
- completed:
    hackage: hypergeomatrix-1.1.0.2@sha256:f9d811e544264de55a9ac0277eb4eea59facab881cd50272f4850f7447508f6d,1941
    pantry-tree:
      sha256: f098f12a91745421b180ef708e31594a2d29bf2376eded1fad234c9e0f9fcca5
      size: 667
  original:
    hackage: hypergeomatrix-1.1.0.2
snapshots:
- completed:
    sha256: 03cec7d96ed78877b03b5c2bc5e31015b47f69af2fe6a62d994a42b7a43c5805
    size: 648659
    url: https://raw.githubusercontent.com/commercialhaskell/stackage-snapshots/master/lts/20/3.yaml
  original: lts-20.3
