# This file was autogenerated by Stack.
# You should not edit this file by hand.
# For more information, please see the documentation at:
#   https://docs.haskellstack.org/en/stable/lock_files

packages:
- completed:
    name: mpolynomials
    version: 0.1.0.0
    git: https://github.com/stla/mpolynomials.git
    pantry-tree:
      size: 540
      sha256: bd0e6ec413a7b3b9e8541b40734d5ed26c375c3f99b7ee8ad14495ae810e0f15
    commit: eed39129b7f9580b3eaf1e0f884033f407bd586d
  original:
    git: https://github.com/stla/mpolynomials.git
    commit: eed39129b7f9580b3eaf1e0f884033f407bd586d
snapshots:
- completed:
    size: 619163
    url: https://raw.githubusercontent.com/commercialhaskell/stackage-snapshots/master/lts/19/16.yaml
    sha256: a27a5761890ade44d7dd21a5f5f93c87e60b9c063655fff835d69dd1071474f0
  original: lts-19.16
